{
  "name": "test-git-npm-postinstall",
  "version": "1.0.0",
  "lockfileVersion": 1,
  "requires": true,
  "dependencies": {
    "is-string": {
      "version": "1.0.4",
      "resolved": "https://registry.npmjs.org/is-string/-/is-string-1.0.4.tgz",
      "integrity": "sha1-zDqbaYV9Yh6WNyWiTK7shzuCbmQ="
    },
    "string-is-empty": {
      "version": "github:jameswomack/string-is-empty#5fb56089dbc5de1424dcb59c0d0cc83adf197d49",
      "requires": {
        "is-string": "1.0.4"
      }
    }
  }
}
